
Microsoft Visual Studio Solution File, Format Version 12.00
# Visual Studio Version 17
VisualStudioVersion = 17.0.31903.59
MinimumVisualStudioVersion = 10.0.40219.1
Project("{FAE04EC0-301F-11D3-BF4B-00C04F79EFBC}") = "ModuleContracts", "ModuleContracts\ModuleContracts.csproj", "{3D2A695C-7F72-4F90-BE29-C67A5B392E10}"
EndProject
Project("{FAE04EC0-301F-11D3-BF4B-00C04F79EFBC}") = "ModuleEngine", "ModuleEngine\ModuleEngine.csproj", "{4F01F437-D1F4-4DD8-84F7-CB356134F410}"
EndProject
Project("{FAE04EC0-301F-11D3-BF4B-00C04F79EFBC}") = "Host", "Host\Host.csproj", "{14A0D0BF-46E6-428D-940C-0AA9963D0B65}"
EndProject
Project("{2150E333-8FDC-42A3-9474-1A3956D46DE8}") = "Plugins", "Plugins", "{07D57EEB-2F50-60C4-C011-FE4FA775C9A8}"
EndProject
Project("{FAE04EC0-301F-11D3-BF4B-00C04F79EFBC}") = "CoreModule", "Plugins\CoreModule\CoreModule.csproj", "{2B7D5106-B3D0-459D-AEAD-33E19D2B4A3F}"
EndProject
Project("{FAE04EC0-301F-11D3-BF4B-00C04F79EFBC}") = "LoggingModule", "Plugins\LoggingModule\LoggingModule.csproj", "{0E600FBF-552F-4867-B60E-C57EE697923E}"
EndProject
Project("{FAE04EC0-301F-11D3-BF4B-00C04F79EFBC}") = "ValidationModule", "Plugins\ValidationModule\ValidationModule.csproj", "{F7EA3617-C5E5-4737-A034-DF0EE7F34BE8}"
EndProject
Project("{FAE04EC0-301F-11D3-BF4B-00C04F79EFBC}") = "ExportModule", "Plugins\ExportModule\ExportModule.csproj", "{5675402A-215F-476A-BD9E-BED79C20D9A4}"
EndProject
Project("{FAE04EC0-301F-11D3-BF4B-00C04F79EFBC}") = "ReportModule", "Plugins\ReportModule\ReportModule.csproj", "{DCF72799-2A65-4485-A951-C003A1C90D84}"
EndProject
Project("{FAE04EC0-301F-11D3-BF4B-00C04F79EFBC}") = "Tests", "Tests\Tests.csproj", "{B57F341F-7F03-4395-BD8E-165B564A3AD7}"
EndProject
Global
	GlobalSection(SolutionConfigurationPlatforms) = preSolution
		Debug|Any CPU = Debug|Any CPU
		Debug|x64 = Debug|x64
		Debug|x86 = Debug|x86
		Release|Any CPU = Release|Any CPU
		Release|x64 = Release|x64
		Release|x86 = Release|x86
	EndGlobalSection
	GlobalSection(ProjectConfigurationPlatforms) = postSolution
		{3D2A695C-7F72-4F90-BE29-C67A5B392E10}.Debug|Any CPU.ActiveCfg = Debug|Any CPU
		{3D2A695C-7F72-4F90-BE29-C67A5B392E10}.Debug|Any CPU.Build.0 = Debug|Any CPU
		{3D2A695C-7F72-4F90-BE29-C67A5B392E10}.Debug|x64.ActiveCfg = Debug|Any CPU
		{3D2A695C-7F72-4F90-BE29-C67A5B392E10}.Debug|x64.Build.0 = Debug|Any CPU
		{3D2A695C-7F72-4F90-BE29-C67A5B392E10}.Debug|x86.ActiveCfg = Debug|Any CPU
		{3D2A695C-7F72-4F90-BE29-C67A5B392E10}.Debug|x86.Build.0 = Debug|Any CPU
		{3D2A695C-7F72-4F90-BE29-C67A5B392E10}.Release|Any CPU.ActiveCfg = Release|Any CPU
		{3D2A695C-7F72-4F90-BE29-C67A5B392E10}.Release|Any CPU.Build.0 = Release|Any CPU
		{3D2A695C-7F72-4F90-BE29-C67A5B392E10}.Release|x64.ActiveCfg = Release|Any CPU
		{3D2A695C-7F72-4F90-BE29-C67A5B392E10}.Release|x64.Build.0 = Release|Any CPU
		{3D2A695C-7F72-4F90-BE29-C67A5B392E10}.Release|x86.ActiveCfg = Release|Any CPU
		{3D2A695C-7F72-4F90-BE29-C67A5B392E10}.Release|x86.Build.0 = Release|Any CPU
		{4F01F437-D1F4-4DD8-84F7-CB356134F410}.Debug|Any CPU.ActiveCfg = Debug|Any CPU
		{4F01F437-D1F4-4DD8-84F7-CB356134F410}.Debug|Any CPU.Build.0 = Debug|Any CPU
		{4F01F437-D1F4-4DD8-84F7-CB356134F410}.Debug|x64.ActiveCfg = Debug|Any CPU
		{4F01F437-D1F4-4DD8-84F7-CB356134F410}.Debug|x64.Build.0 = Debug|Any CPU
		{4F01F437-D1F4-4DD8-84F7-CB356134F410}.Debug|x86.ActiveCfg = Debug|Any CPU
		{4F01F437-D1F4-4DD8-84F7-CB356134F410}.Debug|x86.Build.0 = Debug|Any CPU
		{4F01F437-D1F4-4DD8-84F7-CB356134F410}.Release|Any CPU.ActiveCfg = Release|Any CPU
		{4F01F437-D1F4-4DD8-84F7-CB356134F410}.Release|Any CPU.Build.0 = Release|Any CPU
		{4F01F437-D1F4-4DD8-84F7-CB356134F410}.Release|x64.ActiveCfg = Release|Any CPU
		{4F01F437-D1F4-4DD8-84F7-CB356134F410}.Release|x64.Build.0 = Release|Any CPU
		{4F01F437-D1F4-4DD8-84F7-CB356134F410}.Release|x86.ActiveCfg = Release|Any CPU
		{4F01F437-D1F4-4DD8-84F7-CB356134F410}.Release|x86.Build.0 = Release|Any CPU
		{14A0D0BF-46E6-428D-940C-0AA9963D0B65}.Debug|Any CPU.ActiveCfg = Debug|Any CPU
		{14A0D0BF-46E6-428D-940C-0AA9963D0B65}.Debug|Any CPU.Build.0 = Debug|Any CPU
		{14A0D0BF-46E6-428D-940C-0AA9963D0B65}.Debug|x64.ActiveCfg = Debug|Any CPU
		{14A0D0BF-46E6-428D-940C-0AA9963D0B65}.Debug|x64.Build.0 = Debug|Any CPU
		{14A0D0BF-46E6-428D-940C-0AA9963D0B65}.Debug|x86.ActiveCfg = Debug|Any CPU
		{14A0D0BF-46E6-428D-940C-0AA9963D0B65}.Debug|x86.Build.0 = Debug|Any CPU
		{14A0D0BF-46E6-428D-940C-0AA9963D0B65}.Release|Any CPU.ActiveCfg = Release|Any CPU
		{14A0D0BF-46E6-428D-940C-0AA9963D0B65}.Release|Any CPU.Build.0 = Release|Any CPU
		{14A0D0BF-46E6-428D-940C-0AA9963D0B65}.Release|x64.ActiveCfg = Release|Any CPU
		{14A0D0BF-46E6-428D-940C-0AA9963D0B65}.Release|x64.Build.0 = Release|Any CPU
		{14A0D0BF-46E6-428D-940C-0AA9963D0B65}.Release|x86.ActiveCfg = Release|Any CPU
		{14A0D0BF-46E6-428D-940C-0AA9963D0B65}.Release|x86.Build.0 = Release|Any CPU
		{2B7D5106-B3D0-459D-AEAD-33E19D2B4A3F}.Debug|Any CPU.ActiveCfg = Debug|Any CPU
		{2B7D5106-B3D0-459D-AEAD-33E19D2B4A3F}.Debug|Any CPU.Build.0 = Debug|Any CPU
		{2B7D5106-B3D0-459D-AEAD-33E19D2B4A3F}.Debug|x64.ActiveCfg = Debug|Any CPU
		{2B7D5106-B3D0-459D-AEAD-33E19D2B4A3F}.Debug|x64.Build.0 = Debug|Any CPU
		{2B7D5106-B3D0-459D-AEAD-33E19D2B4A3F}.Debug|x86.ActiveCfg = Debug|Any CPU
		{2B7D5106-B3D0-459D-AEAD-33E19D2B4A3F}.Debug|x86.Build.0 = Debug|Any CPU
		{2B7D5106-B3D0-459D-AEAD-33E19D2B4A3F}.Release|Any CPU.ActiveCfg = Release|Any CPU
		{2B7D5106-B3D0-459D-AEAD-33E19D2B4A3F}.Release|Any CPU.Build.0 = Release|Any CPU
		{2B7D5106-B3D0-459D-AEAD-33E19D2B4A3F}.Release|x64.ActiveCfg = Release|Any CPU
		{2B7D5106-B3D0-459D-AEAD-33E19D2B4A3F}.Release|x64.Build.0 = Release|Any CPU
		{2B7D5106-B3D0-459D-AEAD-33E19D2B4A3F}.Release|x86.ActiveCfg = Release|Any CPU
		{2B7D5106-B3D0-459D-AEAD-33E19D2B4A3F}.Release|x86.Build.0 = Release|Any CPU
		{0E600FBF-552F-4867-B60E-C57EE697923E}.Debug|Any CPU.ActiveCfg = Debug|Any CPU
		{0E600FBF-552F-4867-B60E-C57EE697923E}.Debug|Any CPU.Build.0 = Debug|Any CPU
		{0E600FBF-552F-4867-B60E-C57EE697923E}.Debug|x64.ActiveCfg = Debug|Any CPU
		{0E600FBF-552F-4867-B60E-C57EE697923E}.Debug|x64.Build.0 = Debug|Any CPU
		{0E600FBF-552F-4867-B60E-C57EE697923E}.Debug|x86.ActiveCfg = Debug|Any CPU
		{0E600FBF-552F-4867-B60E-C57EE697923E}.Debug|x86.Build.0 = Debug|Any CPU
		{0E600FBF-552F-4867-B60E-C57EE697923E}.Release|Any CPU.ActiveCfg = Release|Any CPU
		{0E600FBF-552F-4867-B60E-C57EE697923E}.Release|Any CPU.Build.0 = Release|Any CPU
		{0E600FBF-552F-4867-B60E-C57EE697923E}.Release|x64.ActiveCfg = Release|Any CPU
		{0E600FBF-552F-4867-B60E-C57EE697923E}.Release|x64.Build.0 = Release|Any CPU
		{0E600FBF-552F-4867-B60E-C57EE697923E}.Release|x86.ActiveCfg = Release|Any CPU
		{0E600FBF-552F-4867-B60E-C57EE697923E}.Release|x86.Build.0 = Release|Any CPU
		{F7EA3617-C5E5-4737-A034-DF0EE7F34BE8}.Debug|Any CPU.ActiveCfg = Debug|Any CPU
		{F7EA3617-C5E5-4737-A034-DF0EE7F34BE8}.Debug|Any CPU.Build.0 = Debug|Any CPU
		{F7EA3617-C5E5-4737-A034-DF0EE7F34BE8}.Debug|x64.ActiveCfg = Debug|Any CPU
		{F7EA3617-C5E5-4737-A034-DF0EE7F34BE8}.Debug|x64.Build.0 = Debug|Any CPU
		{F7EA3617-C5E5-4737-A034-DF0EE7F34BE8}.Debug|x86.ActiveCfg = Debug|Any CPU
		{F7EA3617-C5E5-4737-A034-DF0EE7F34BE8}.Debug|x86.Build.0 = Debug|Any CPU
		{F7EA3617-C5E5-4737-A034-DF0EE7F34BE8}.Release|Any CPU.ActiveCfg = Release|Any CPU
		{F7EA3617-C5E5-4737-A034-DF0EE7F34BE8}.Release|Any CPU.Build.0 = Release|Any CPU
		{F7EA3617-C5E5-4737-A034-DF0EE7F34BE8}.Release|x64.ActiveCfg = Release|Any CPU
		{F7EA3617-C5E5-4737-A034-DF0EE7F34BE8}.Release|x64.Build.0 = Release|Any CPU
		{F7EA3617-C5E5-4737-A034-DF0EE7F34BE8}.Release|x86.ActiveCfg = Release|Any CPU
		{F7EA3617-C5E5-4737-A034-DF0EE7F34BE8}.Release|x86.Build.0 = Release|Any CPU
		{5675402A-215F-476A-BD9E-BED79C20D9A4}.Debug|Any CPU.ActiveCfg = Debug|Any CPU
		{5675402A-215F-476A-BD9E-BED79C20D9A4}.Debug|Any CPU.Build.0 = Debug|Any CPU
		{5675402A-215F-476A-BD9E-BED79C20D9A4}.Debug|x64.ActiveCfg = Debug|Any CPU
		{5675402A-215F-476A-BD9E-BED79C20D9A4}.Debug|x64.Build.0 = Debug|Any CPU
		{5675402A-215F-476A-BD9E-BED79C20D9A4}.Debug|x86.ActiveCfg = Debug|Any CPU
		{5675402A-215F-476A-BD9E-BED79C20D9A4}.Debug|x86.Build.0 = Debug|Any CPU
		{5675402A-215F-476A-BD9E-BED79C20D9A4}.Release|Any CPU.ActiveCfg = Release|Any CPU
		{5675402A-215F-476A-BD9E-BED79C20D9A4}.Release|Any CPU.Build.0 = Release|Any CPU
		{5675402A-215F-476A-BD9E-BED79C20D9A4}.Release|x64.ActiveCfg = Release|Any CPU
		{5675402A-215F-476A-BD9E-BED79C20D9A4}.Release|x64.Build.0 = Release|Any CPU
		{5675402A-215F-476A-BD9E-BED79C20D9A4}.Release|x86.ActiveCfg = Release|Any CPU
		{5675402A-215F-476A-BD9E-BED79C20D9A4}.Release|x86.Build.0 = Release|Any CPU
		{DCF72799-2A65-4485-A951-C003A1C90D84}.Debug|Any CPU.ActiveCfg = Debug|Any CPU
		{DCF72799-2A65-4485-A951-C003A1C90D84}.Debug|Any CPU.Build.0 = Debug|Any CPU
		{DCF72799-2A65-4485-A951-C003A1C90D84}.Debug|x64.ActiveCfg = Debug|Any CPU
		{DCF72799-2A65-4485-A951-C003A1C90D84}.Debug|x64.Build.0 = Debug|Any CPU
		{DCF72799-2A65-4485-A951-C003A1C90D84}.Debug|x86.ActiveCfg = Debug|Any CPU
		{DCF72799-2A65-4485-A951-C003A1C90D84}.Debug|x86.Build.0 = Debug|Any CPU
		{DCF72799-2A65-4485-A951-C003A1C90D84}.Release|Any CPU.ActiveCfg = Release|Any CPU
		{DCF72799-2A65-4485-A951-C003A1C90D84}.Release|Any CPU.Build.0 = Release|Any CPU
		{DCF72799-2A65-4485-A951-C003A1C90D84}.Release|x64.ActiveCfg = Release|Any CPU
		{DCF72799-2A65-4485-A951-C003A1C90D84}.Release|x64.Build.0 = Release|Any CPU
		{DCF72799-2A65-4485-A951-C003A1C90D84}.Release|x86.ActiveCfg = Release|Any CPU
		{DCF72799-2A65-4485-A951-C003A1C90D84}.Release|x86.Build.0 = Release|Any CPU
		{B57F341F-7F03-4395-BD8E-165B564A3AD7}.Debug|Any CPU.ActiveCfg = Debug|Any CPU
		{B57F341F-7F03-4395-BD8E-165B564A3AD7}.Debug|Any CPU.Build.0 = Debug|Any CPU
		{B57F341F-7F03-4395-BD8E-165B564A3AD7}.Debug|x64.ActiveCfg = Debug|Any CPU
		{B57F341F-7F03-4395-BD8E-165B564A3AD7}.Debug|x64.Build.0 = Debug|Any CPU
		{B57F341F-7F03-4395-BD8E-165B564A3AD7}.Debug|x86.ActiveCfg = Debug|Any CPU
		{B57F341F-7F03-4395-BD8E-165B564A3AD7}.Debug|x86.Build.0 = Debug|Any CPU
		{B57F341F-7F03-4395-BD8E-165B564A3AD7}.Release|Any CPU.ActiveCfg = Release|Any CPU
		{B57F341F-7F03-4395-BD8E-165B564A3AD7}.Release|Any CPU.Build.0 = Release|Any CPU
		{B57F341F-7F03-4395-BD8E-165B564A3AD7}.Release|x64.ActiveCfg = Release|Any CPU
		{B57F341F-7F03-4395-BD8E-165B564A3AD7}.Release|x64.Build.0 = Release|Any CPU
		{B57F341F-7F03-4395-BD8E-165B564A3AD7}.Release|x86.ActiveCfg = Release|Any CPU
		{B57F341F-7F03-4395-BD8E-165B564A3AD7}.Release|x86.Build.0 = Release|Any CPU
	EndGlobalSection
	GlobalSection(SolutionProperties) = preSolution
		HideSolutionNode = FALSE
	EndGlobalSection
	GlobalSection(NestedProjects) = preSolution
		{2B7D5106-B3D0-459D-AEAD-33E19D2B4A3F} = {07D57EEB-2F50-60C4-C011-FE4FA775C9A8}
		{0E600FBF-552F-4867-B60E-C57EE697923E} = {07D57EEB-2F50-60C4-C011-FE4FA775C9A8}
		{F7EA3617-C5E5-4737-A034-DF0EE7F34BE8} = {07D57EEB-2F50-60C4-C011-FE4FA775C9A8}
		{5675402A-215F-476A-BD9E-BED79C20D9A4} = {07D57EEB-2F50-60C4-C011-FE4FA775C9A8}
		{DCF72799-2A65-4485-A951-C003A1C90D84} = {07D57EEB-2F50-60C4-C011-FE4FA775C9A8}
		{B57F341F-7F03-4395-BD8E-165B564A3AD7} = {07D57EEB-2F50-60C4-C011-FE4FA775C9A8}
	EndGlobalSection
EndGlobal
